
Microsoft Visual Studio Solution File, Format Version 12.00
# Visual Studio Version 17
VisualStudioVersion = 17.10.35013.160
MinimumVisualStudioVersion = 10.0.40219.1
Project("{FAE04EC0-301F-11D3-BF4B-00C04F79EFBC}") = "FoodAppAPI", "FoodAppAPI\FoodAppAPI.csproj", "{0830BE4D-4C53-4D41-BEA5-2F805341508C}"
EndProject
Global
	GlobalSection(SolutionConfigurationPlatforms) = preSolution
		Debug|Any CPU = Debug|Any CPU
		Release|Any CPU = Release|Any CPU
	EndGlobalSection
	GlobalSection(ProjectConfigurationPlatforms) = postSolution
		{0830BE4D-4C53-4D41-BEA5-2F805341508C}.Debug|Any CPU.ActiveCfg = Debug|Any CPU
		{0830BE4D-4C53-4D41-BEA5-2F805341508C}.Debug|Any CPU.Build.0 = Debug|Any CPU
		{0830BE4D-4C53-4D41-BEA5-2F805341508C}.Release|Any CPU.ActiveCfg = Release|Any CPU
		{0830BE4D-4C53-4D41-BEA5-2F805341508C}.Release|Any CPU.Build.0 = Release|Any CPU
	EndGlobalSection
	GlobalSection(SolutionProperties) = preSolution
		HideSolutionNode = FALSE
	EndGlobalSection
	GlobalSection(ExtensibilityGlobals) = postSolution
		SolutionGuid = {5D301760-C539-4638-9A84-8E2520032D7F}
	EndGlobalSection
EndGlobal
